
Microsoft Visual Studio Solution File, Format Version 12.00
# Visual Studio Version 17
VisualStudioVersion = 17.4.33205.214
MinimumVisualStudioVersion = 10.0.40219.1
Project("{FAE04EC0-301F-11D3-BF4B-00C04F79EFBC}") = "FromIdiot2Junior2", "FromIdiot2Junior2\FromIdiot2Junior2.csproj", "{A08384A6-978A-4186-BD84-C6B6AF887CE9}"
EndProject
Global
	GlobalSection(SolutionConfigurationPlatforms) = preSolution
		Debug|Any CPU = Debug|Any CPU
		Release|Any CPU = Release|Any CPU
	EndGlobalSection
	GlobalSection(ProjectConfigurationPlatforms) = postSolution
		{A08384A6-978A-4186-BD84-C6B6AF887CE9}.Debug|Any CPU.ActiveCfg = Debug|Any CPU
		{A08384A6-978A-4186-BD84-C6B6AF887CE9}.Debug|Any CPU.Build.0 = Debug|Any CPU
		{A08384A6-978A-4186-BD84-C6B6AF887CE9}.Release|Any CPU.ActiveCfg = Release|Any CPU
		{A08384A6-978A-4186-BD84-C6B6AF887CE9}.Release|Any CPU.Build.0 = Release|Any CPU
	EndGlobalSection
	GlobalSection(SolutionProperties) = preSolution
		HideSolutionNode = FALSE
	EndGlobalSection
	GlobalSection(ExtensibilityGlobals) = postSolution
		SolutionGuid = {385D539A-7F4E-44A8-9F9A-64BB867605F6}
	EndGlobalSection
EndGlobal
